
Microsoft Visual Studio Solution File, Format Version 12.00
# Visual Studio Version 17
VisualStudioVersion = 17.4.33110.190
MinimumVisualStudioVersion = 10.0.40219.1
Project("{9A19103F-16F7-4668-BE54-9A1E7A4F7556}") = "Entities", "Entities\Entities.csproj", "{9A6CDA71-460C-45D1-98CC-8FFDC8AD54CC}"
EndProject
Project("{9A19103F-16F7-4668-BE54-9A1E7A4F7556}") = "Business", "Business\Business.csproj", "{3FE86E09-CB48-4BB5-81D2-52D34E67991C}"
EndProject
Project("{9A19103F-16F7-4668-BE54-9A1E7A4F7556}") = "DataAccess", "DataAccess\DataAccess.csproj", "{9CD72C1D-C329-460A-89D4-00D3B2B069FB}"
EndProject
Project("{9A19103F-16F7-4668-BE54-9A1E7A4F7556}") = "ConsoleUI", "ConsoleUI\ConsoleUI.csproj", "{4D92FC5D-A27B-4ED2-B9EA-E755F082AD12}"
EndProject
Project("{FAE04EC0-301F-11D3-BF4B-00C04F79EFBC}") = "Core", "Core\Core.csproj", "{735B20BF-6E4C-4D4C-96D5-698AAE47DD72}"
EndProject
Global
	GlobalSection(SolutionConfigurationPlatforms) = preSolution
		Debug|Any CPU = Debug|Any CPU
		Release|Any CPU = Release|Any CPU
	EndGlobalSection
	GlobalSection(ProjectConfigurationPlatforms) = postSolution
		{9A6CDA71-460C-45D1-98CC-8FFDC8AD54CC}.Debug|Any CPU.ActiveCfg = Debug|Any CPU
		{9A6CDA71-460C-45D1-98CC-8FFDC8AD54CC}.Debug|Any CPU.Build.0 = Debug|Any CPU
		{9A6CDA71-460C-45D1-98CC-8FFDC8AD54CC}.Release|Any CPU.ActiveCfg = Release|Any CPU
		{9A6CDA71-460C-45D1-98CC-8FFDC8AD54CC}.Release|Any CPU.Build.0 = Release|Any CPU
		{3FE86E09-CB48-4BB5-81D2-52D34E67991C}.Debug|Any CPU.ActiveCfg = Debug|Any CPU
		{3FE86E09-CB48-4BB5-81D2-52D34E67991C}.Debug|Any CPU.Build.0 = Debug|Any CPU
		{3FE86E09-CB48-4BB5-81D2-52D34E67991C}.Release|Any CPU.ActiveCfg = Release|Any CPU
		{3FE86E09-CB48-4BB5-81D2-52D34E67991C}.Release|Any CPU.Build.0 = Release|Any CPU
		{9CD72C1D-C329-460A-89D4-00D3B2B069FB}.Debug|Any CPU.ActiveCfg = Debug|Any CPU
		{9CD72C1D-C329-460A-89D4-00D3B2B069FB}.Debug|Any CPU.Build.0 = Debug|Any CPU
		{9CD72C1D-C329-460A-89D4-00D3B2B069FB}.Release|Any CPU.ActiveCfg = Release|Any CPU
		{9CD72C1D-C329-460A-89D4-00D3B2B069FB}.Release|Any CPU.Build.0 = Release|Any CPU
		{4D92FC5D-A27B-4ED2-B9EA-E755F082AD12}.Debug|Any CPU.ActiveCfg = Debug|Any CPU
		{4D92FC5D-A27B-4ED2-B9EA-E755F082AD12}.Debug|Any CPU.Build.0 = Debug|Any CPU
		{4D92FC5D-A27B-4ED2-B9EA-E755F082AD12}.Release|Any CPU.ActiveCfg = Release|Any CPU
		{4D92FC5D-A27B-4ED2-B9EA-E755F082AD12}.Release|Any CPU.Build.0 = Release|Any CPU
		{735B20BF-6E4C-4D4C-96D5-698AAE47DD72}.Debug|Any CPU.ActiveCfg = Debug|Any CPU
		{735B20BF-6E4C-4D4C-96D5-698AAE47DD72}.Debug|Any CPU.Build.0 = Debug|Any CPU
		{735B20BF-6E4C-4D4C-96D5-698AAE47DD72}.Release|Any CPU.ActiveCfg = Release|Any CPU
		{735B20BF-6E4C-4D4C-96D5-698AAE47DD72}.Release|Any CPU.Build.0 = Release|Any CPU
	EndGlobalSection
	GlobalSection(SolutionProperties) = preSolution
		HideSolutionNode = FALSE
	EndGlobalSection
	GlobalSection(ExtensibilityGlobals) = postSolution
		SolutionGuid = {EDD58627-1A73-4DA1-990B-1B5337D8206A}
	EndGlobalSection
EndGlobal
